{
  "name": "tool_sba",
  "lockfileVersion": 3,
  "requires": true,
  "packages": {
    "": {
      "dependencies": {
        "@yar.ua/numerals": "file:../numerals.js-release-1.0.7"
      }
    },
    "../numerals.js-release-1.0.7": {
      "name": "@yar.ua/numerals",
      "version": "1.0.7",
      "license": "MIT-0",
      "dependencies": {
        "@types/node": "^20.7.2",
        "ts-node": "^10.9.1",
        "typescript": "^5.2.2"
      },
      "devDependencies": {
        "@types/mocha": "^10.0.2",
        "mocha": "^10.2.0"
      }
    },
    "node_modules/@yar.ua/numerals": {
      "resolved": "../numerals.js-release-1.0.7",
      "link": true
    }
  }
}
